
Microsoft Visual Studio Solution File, Format Version 12.00
# Visual Studio Version 16
VisualStudioVersion = 16.0.31613.86
MinimumVisualStudioVersion = 10.0.40219.1
Project("{FAE04EC0-301F-11D3-BF4B-00C04F79EFBC}") = "SobujBanglaARM", "SobujBanglaARM\SobujBanglaARM.csproj", "{7EEAD88B-96AD-42DE-AE62-F8A2E557B5B7}"
EndProject
Global
	GlobalSection(SolutionConfigurationPlatforms) = preSolution
		Debug|Any CPU = Debug|Any CPU
		Release|Any CPU = Release|Any CPU
	EndGlobalSection
	GlobalSection(ProjectConfigurationPlatforms) = postSolution
		{7EEAD88B-96AD-42DE-AE62-F8A2E557B5B7}.Debug|Any CPU.ActiveCfg = Debug|Any CPU
		{7EEAD88B-96AD-42DE-AE62-F8A2E557B5B7}.Debug|Any CPU.Build.0 = Debug|Any CPU
		{7EEAD88B-96AD-42DE-AE62-F8A2E557B5B7}.Release|Any CPU.ActiveCfg = Release|Any CPU
		{7EEAD88B-96AD-42DE-AE62-F8A2E557B5B7}.Release|Any CPU.Build.0 = Release|Any CPU
	EndGlobalSection
	GlobalSection(SolutionProperties) = preSolution
		HideSolutionNode = FALSE
	EndGlobalSection
	GlobalSection(ExtensibilityGlobals) = postSolution
		SolutionGuid = {5496C31E-6567-4923-93D0-5FB806CA1D84}
	EndGlobalSection
EndGlobal
